// !$*UTF8*$!
{
	archiveVersion = 1;
	classes = {
	};
	objectVersion = 55;
	objects = {

/* Begin PBXBuildFile section */
		76F7F800C8048639D5D2FBDE /* Pods_Capstone2_Capstone2UITests.framework in Frameworks */ = {isa = PBXBuildFile; fileRef = 641963BD933BCC11C3284644 /* Pods_Capstone2_Capstone2UITests.framework */; };
		B0008306A8BC9F6AE61CC257 /* Pods_Capstone2.framework in Frameworks */ = {isa = PBXBuildFile; fileRef = 818BC2A997B88A326D28B22A /* Pods_Capstone2.framework */; };
		E435C01E28CCAFFD00409BC8 /* AppDelegate.swift in Sources */ = {isa = PBXBuildFile; fileRef = E435C01D28CCAFFD00409BC8 /* AppDelegate.swift */; };
		E435C02028CCAFFD00409BC8 /* SceneDelegate.swift in Sources */ = {isa = PBXBuildFile; fileRef = E435C01F28CCAFFD00409BC8 /* SceneDelegate.swift */; };
		E435C02228CCAFFD00409BC8 /* ViewController.swift in Sources */ = {isa = PBXBuildFile; fileRef = E435C02128CCAFFD00409BC8 /* ViewController.swift */; };
		E435C02528CCAFFD00409BC8 /* Main.storyboard in Resources */ = {isa = PBXBuildFile; fileRef = E435C02328CCAFFD00409BC8 /* Main.storyboard */; };
		E435C02728CCAFFE00409BC8 /* Assets.xcassets in Resources */ = {isa = PBXBuildFile; fileRef = E435C02628CCAFFE00409BC8 /* Assets.xcassets */; };
		E435C02A28CCAFFE00409BC8 /* LaunchScreen.storyboard in Resources */ = {isa = PBXBuildFile; fileRef = E435C02828CCAFFE00409BC8 /* LaunchScreen.storyboard */; };
		E435C03528CCAFFE00409BC8 /* Capstone2Tests.swift in Sources */ = {isa = PBXBuildFile; fileRef = E435C03428CCAFFE00409BC8 /* Capstone2Tests.swift */; };
		E435C03F28CCAFFE00409BC8 /* Capstone2UITests.swift in Sources */ = {isa = PBXBuildFile; fileRef = E435C03E28CCAFFE00409BC8 /* Capstone2UITests.swift */; };
		E435C04128CCAFFE00409BC8 /* Capstone2UITestsLaunchTests.swift in Sources */ = {isa = PBXBuildFile; fileRef = E435C04028CCAFFE00409BC8 /* Capstone2UITestsLaunchTests.swift */; };
		F40B6ADAB92EA655A1E81251 /* Pods_Capstone2Tests.framework in Frameworks */ = {isa = PBXBuildFile; fileRef = 45E65D7331942C1166C7BDDE /* Pods_Capstone2Tests.framework */; };
/* End PBXBuildFile section */

/* Begin PBXContainerItemProxy section */
		E435C03128CCAFFE00409BC8 /* PBXContainerItemProxy */ = {
			isa = PBXContainerItemProxy;
			containerPortal = E435C01228CCAFFD00409BC8 /* Project object */;
			proxyType = 1;
			remoteGlobalIDString = E435C01928CCAFFD00409BC8;
			remoteInfo = Capstone2;
		};
		E435C03B28CCAFFE00409BC8 /* PBXContainerItemProxy */ = {
			isa = PBXContainerItemProxy;
			containerPortal = E435C01228CCAFFD00409BC8 /* Project object */;
			proxyType = 1;
			remoteGlobalIDString = E435C01928CCAFFD00409BC8;
			remoteInfo = Capstone2;
		};
/* End PBXContainerItemProxy section */

/* Begin PBXFileReference section */
		45E65D7331942C1166C7BDDE /* Pods_Capstone2Tests.framework */ = {isa = PBXFileReference; explicitFileType = wrapper.framework; includeInIndex = 0; path = Pods_Capstone2Tests.framework; sourceTree = BUILT_PRODUCTS_DIR; };
		4A363E96EF01D506828C1C40 /* Pods-Capstone2-Capstone2UITests.debug.xcconfig */ = {isa = PBXFileReference; includeInIndex = 1; lastKnownFileType = text.xcconfig; name = "Pods-Capstone2-Capstone2UITests.debug.xcconfig"; path = "Target Support Files/Pods-Capstone2-Capstone2UITests/Pods-Capstone2-Capstone2UITests.debug.xcconfig"; sourceTree = "<group>"; };
		5BF0C50228CC8E56C90ACAD5 /* Pods-Capstone2Tests.debug.xcconfig */ = {isa = PBXFileReference; includeInIndex = 1; lastKnownFileType = text.xcconfig; name = "Pods-Capstone2Tests.debug.xcconfig"; path = "Target Support Files/Pods-Capstone2Tests/Pods-Capstone2Tests.debug.xcconfig"; sourceTree = "<group>"; };
		641963BD933BCC11C3284644 /* Pods_Capstone2_Capstone2UITests.framework */ = {isa = PBXFileReference; explicitFileType = wrapper.framework; includeInIndex = 0; path = Pods_Capstone2_Capstone2UITests.framework; sourceTree = BUILT_PRODUCTS_DIR; };
		818BC2A997B88A326D28B22A /* Pods_Capstone2.framework */ = {isa = PBXFileReference; explicitFileType = wrapper.framework; includeInIndex = 0; path = Pods_Capstone2.framework; sourceTree = BUILT_PRODUCTS_DIR; };
		8D719FAA8A08CEDDDD6E5A8D /* Pods-Capstone2Tests.release.xcconfig */ = {isa = PBXFileReference; includeInIndex = 1; lastKnownFileType = text.xcconfig; name = "Pods-Capstone2Tests.release.xcconfig"; path = "Target Support Files/Pods-Capstone2Tests/Pods-Capstone2Tests.release.xcconfig"; sourceTree = "<group>"; };
		993D95003B2DEA72A95DF33C /* Pods-Capstone2.release.xcconfig */ = {isa = PBXFileReference; includeInIndex = 1; lastKnownFileType = text.xcconfig; name = "Pods-Capstone2.release.xcconfig"; path = "Target Support Files/Pods-Capstone2/Pods-Capstone2.release.xcconfig"; sourceTree = "<group>"; };
		AF977C088170991E17FBB366 /* Pods-Capstone2.debug.xcconfig */ = {isa = PBXFileReference; includeInIndex = 1; lastKnownFileType = text.xcconfig; name = "Pods-Capstone2.debug.xcconfig"; path = "Target Support Files/Pods-Capstone2/Pods-Capstone2.debug.xcconfig"; sourceTree = "<group>"; };
		E1BC5EB837B241177F1105CC /* Pods-Capstone2-Capstone2UITests.release.xcconfig */ = {isa = PBXFileReference; includeInIndex = 1; lastKnownFileType = text.xcconfig; name = "Pods-Capstone2-Capstone2UITests.release.xcconfig"; path = "Target Support Files/Pods-Capstone2-Capstone2UITests/Pods-Capstone2-Capstone2UITests.release.xcconfig"; sourceTree = "<group>"; };
		E435C01A28CCAFFD00409BC8 /* Capstone2.app */ = {isa = PBXFileReference; explicitFileType = wrapper.application; includeInIndex = 0; path = Capstone2.app; sourceTree = BUILT_PRODUCTS_DIR; };
		E435C01D28CCAFFD00409BC8 /* AppDelegate.swift */ = {isa = PBXFileReference; lastKnownFileType = sourcecode.swift; path = AppDelegate.swift; sourceTree = "<group>"; };
		E435C01F28CCAFFD00409BC8 /* SceneDelegate.swift */ = {isa = PBXFileReference; lastKnownFileType = sourcecode.swift; path = SceneDelegate.swift; sourceTree = "<group>"; };
		E435C02128CCAFFD00409BC8 /* ViewController.swift */ = {isa = PBXFileReference; lastKnownFileType = sourcecode.swift; path = ViewController.swift; sourceTree = "<group>"; };
		E435C02428CCAFFD00409BC8 /* Base */ = {isa = PBXFileReference; lastKnownFileType = file.storyboard; name = Base; path = Base.lproj/Main.storyboard; sourceTree = "<group>"; };
		E435C02628CCAFFE00409BC8 /* Assets.xcassets */ = {isa = PBXFileReference; lastKnownFileType = folder.assetcatalog; path = Assets.xcassets; sourceTree = "<group>"; };
		E435C02928CCAFFE00409BC8 /* Base */ = {isa = PBXFileReference; lastKnownFileType = file.storyboard; name = Base; path = Base.lproj/LaunchScreen.storyboard; sourceTree = "<group>"; };
		E435C02B28CCAFFE00409BC8 /* Info.plist */ = {isa = PBXFileReference; lastKnownFileType = text.plist.xml; path = Info.plist; sourceTree = "<group>"; };
		E435C03028CCAFFE00409BC8 /* Capstone2Tests.xctest */ = {isa = PBXFileReference; explicitFileType = wrapper.cfbundle; includeInIndex = 0; path = Capstone2Tests.xctest; sourceTree = BUILT_PRODUCTS_DIR; };
		E435C03428CCAFFE00409BC8 /* Capstone2Tests.swift */ = {isa = PBXFileReference; lastKnownFileType = sourcecode.swift; path = Capstone2Tests.swift; sourceTree = "<group>"; };
		E435C03A28CCAFFE00409BC8 /* Capstone2UITests.xctest */ = {isa = PBXFileReference; explicitFileType = wrapper.cfbundle; includeInIndex = 0; path = Capstone2UITests.xctest; sourceTree = BUILT_PRODUCTS_DIR; };
		E435C03E28CCAFFE00409BC8 /* Capstone2UITests.swift */ = {isa = PBXFileReference; lastKnownFileType = sourcecode.swift; path = Capstone2UITests.swift; sourceTree = "<group>"; };
		E435C04028CCAFFE00409BC8 /* Capstone2UITestsLaunchTests.swift */ = {isa = PBXFileReference; lastKnownFileType = sourcecode.swift; path = Capstone2UITestsLaunchTests.swift; sourceTree = "<group>"; };
/* End PBXFileReference section */

/* Begin PBXFrameworksBuildPhase section */
		E435C01728CCAFFD00409BC8 /* Frameworks */ = {
			isa = PBXFrameworksBuildPhase;
			buildActionMask = 2147483647;
			files = (
				B0008306A8BC9F6AE61CC257 /* Pods_Capstone2.framework in Frameworks */,
			);
			runOnlyForDeploymentPostprocessing = 0;
		};
		E435C02D28CCAFFE00409BC8 /* Frameworks */ = {
			isa = PBXFrameworksBuildPhase;
			buildActionMask = 2147483647;
			files = (
				F40B6ADAB92EA655A1E81251 /* Pods_Capstone2Tests.framework in Frameworks */,
			);
			runOnlyForDeploymentPostprocessing = 0;
		};
		E435C03728CCAFFE00409BC8 /* Frameworks */ = {
			isa = PBXFrameworksBuildPhase;
			buildActionMask = 2147483647;
			files = (
				76F7F800C8048639D5D2FBDE /* Pods_Capstone2_Capstone2UITests.framework in Frameworks */,
			);
			runOnlyForDeploymentPostprocessing = 0;
		};
/* End PBXFrameworksBuildPhase section */

/* Begin PBXGroup section */
		7B8E97AC03461969B1AECE0E /* Frameworks */ = {
			isa = PBXGroup;
			children = (
				818BC2A997B88A326D28B22A /* Pods_Capstone2.framework */,
				641963BD933BCC11C3284644 /* Pods_Capstone2_Capstone2UITests.framework */,
				45E65D7331942C1166C7BDDE /* Pods_Capstone2Tests.framework */,
			);
			name = Frameworks;
			sourceTree = "<group>";
		};
		E435C01128CCAFFD00409BC8 = {
			isa = PBXGroup;
			children = (
				E435C01C28CCAFFD00409BC8 /* Capstone2 */,
				E435C03328CCAFFE00409BC8 /* Capstone2Tests */,
				E435C03D28CCAFFE00409BC8 /* Capstone2UITests */,
				E435C01B28CCAFFD00409BC8 /* Products */,
				F4836AE35A54CCB437C9C676 /* Pods */,
				7B8E97AC03461969B1AECE0E /* Frameworks */,
			);
			sourceTree = "<group>";
		};
		E435C01B28CCAFFD00409BC8 /* Products */ = {
			isa = PBXGroup;
			children = (
				E435C01A28CCAFFD00409BC8 /* Capstone2.app */,
				E435C03028CCAFFE00409BC8 /* Capstone2Tests.xctest */,
				E435C03A28CCAFFE00409BC8 /* Capstone2UITests.xctest */,
			);
			name = Products;
			sourceTree = "<group>";
		};
		E435C01C28CCAFFD00409BC8 /* Capstone2 */ = {
			isa = PBXGroup;
			children = (
				E435C01D28CCAFFD00409BC8 /* AppDelegate.swift */,
				E435C01F28CCAFFD00409BC8 /* SceneDelegate.swift */,
				E435C02128CCAFFD00409BC8 /* ViewController.swift */,
				E435C02328CCAFFD00409BC8 /* Main.storyboard */,
				E435C02628CCAFFE00409BC8 /* Assets.xcassets */,
				E435C02828CCAFFE00409BC8 /* LaunchScreen.storyboard */,
				E435C02B28CCAFFE00409BC8 /* Info.plist */,
			);
			path = Capstone2;
			sourceTree = "<group>";
		};
		E435C03328CCAFFE00409BC8 /* Capstone2Tests */ = {
			isa = PBXGroup;
			children = (
				E435C03428CCAFFE00409BC8 /* Capstone2Tests.swift */,
			);
			path = Capstone2Tests;
			sourceTree = "<group>";
		};
		E435C03D28CCAFFE00409BC8 /* Capstone2UITests */ = {
			isa = PBXGroup;
			children = (
				E435C03E28CCAFFE00409BC8 /* Capstone2UITests.swift */,
				E435C04028CCAFFE00409BC8 /* Capstone2UITestsLaunchTests.swift */,
			);
			path = Capstone2UITests;
			sourceTree = "<group>";
		};
		F4836AE35A54CCB437C9C676 /* Pods */ = {
			isa = PBXGroup;
			children = (
				AF977C088170991E17FBB366 /* Pods-Capstone2.debug.xcconfig */,
				993D95003B2DEA72A95DF33C /* Pods-Capstone2.release.xcconfig */,
				4A363E96EF01D506828C1C40 /* Pods-Capstone2-Capstone2UITests.debug.xcconfig */,
				E1BC5EB837B241177F1105CC /* Pods-Capstone2-Capstone2UITests.release.xcconfig */,
				5BF0C50228CC8E56C90ACAD5 /* Pods-Capstone2Tests.debug.xcconfig */,
				8D719FAA8A08CEDDDD6E5A8D /* Pods-Capstone2Tests.release.xcconfig */,
			);
			name = Pods;
			path = Pods;
			sourceTree = "<group>";
		};
/* End PBXGroup section */

/* Begin PBXNativeTarget section */
		E435C01928CCAFFD00409BC8 /* Capstone2 */ = {
			isa = PBXNativeTarget;
			buildConfigurationList = E435C04428CCAFFE00409BC8 /* Build configuration list for PBXNativeTarget "Capstone2" */;
			buildPhases = (
				77A6E65DC794944C9DBB7445 /* [CP] Check Pods Manifest.lock */,
				E435C01628CCAFFD00409BC8 /* Sources */,
				E435C01728CCAFFD00409BC8 /* Frameworks */,
				E435C01828CCAFFD00409BC8 /* Resources */,
			);
			buildRules = (
			);
			dependencies = (
			);
			name = Capstone2;
			productName = Capstone2;
			productReference = E435C01A28CCAFFD00409BC8 /* Capstone2.app */;
			productType = "com.apple.product-type.application";
		};
		E435C02F28CCAFFE00409BC8 /* Capstone2Tests */ = {
			isa = PBXNativeTarget;
			buildConfigurationList = E435C04728CCAFFE00409BC8 /* Build configuration list for PBXNativeTarget "Capstone2Tests" */;
			buildPhases = (
				9838F4CBD032ED0274BFFC3A /* [CP] Check Pods Manifest.lock */,
				E435C02C28CCAFFE00409BC8 /* Sources */,
				E435C02D28CCAFFE00409BC8 /* Frameworks */,
				E435C02E28CCAFFE00409BC8 /* Resources */,
				F9EA9E01447B20ED1B6F7BEE /* [CP] Copy Pods Resources */,
			);
			buildRules = (
			);
			dependencies = (
				E435C03228CCAFFE00409BC8 /* PBXTargetDependency */,
			);
			name = Capstone2Tests;
			productName = Capstone2Tests;
			productReference = E435C03028CCAFFE00409BC8 /* Capstone2Tests.xctest */;
			productType = "com.apple.product-type.bundle.unit-test";
		};
		E435C03928CCAFFE00409BC8 /* Capstone2UITests */ = {
			isa = PBXNativeTarget;
			buildConfigurationList = E435C04A28CCAFFE00409BC8 /* Build configuration list for PBXNativeTarget "Capstone2UITests" */;
			buildPhases = (
				2D9D1138A0AEEB5BA70FFBE2 /* [CP] Check Pods Manifest.lock */,
				E435C03628CCAFFE00409BC8 /* Sources */,
				E435C03728CCAFFE00409BC8 /* Frameworks */,
				E435C03828CCAFFE00409BC8 /* Resources */,
				D0A4BD6BEDACBE815C6A16F3 /* [CP] Copy Pods Resources */,
			);
			buildRules = (
			);
			dependencies = (
				E435C03C28CCAFFE00409BC8 /* PBXTargetDependency */,
			);
			name = Capstone2UITests;
			productName = Capstone2UITests;
			productReference = E435C03A28CCAFFE00409BC8 /* Capstone2UITests.xctest */;
			productType = "com.apple.product-type.bundle.ui-testing";
		};
/* End PBXNativeTarget section */

/* Begin PBXProject section */
		E435C01228CCAFFD00409BC8 /* Project object */ = {
			isa = PBXProject;
			attributes = {
				BuildIndependentTargetsInParallel = 1;
				LastSwiftUpdateCheck = 1340;
				LastUpgradeCheck = 1340;
				TargetAttributes = {
					E435C01928CCAFFD00409BC8 = {
						CreatedOnToolsVersion = 13.4.1;
					};
					E435C02F28CCAFFE00409BC8 = {
						CreatedOnToolsVersion = 13.4.1;
						TestTargetID = E435C01928CCAFFD00409BC8;
					};
					E435C03928CCAFFE00409BC8 = {
						CreatedOnToolsVersion = 13.4.1;
						TestTargetID = E435C01928CCAFFD00409BC8;
					};
				};
			};
			buildConfigurationList = E435C01528CCAFFD00409BC8 /* Build configuration list for PBXProject "Capstone2" */;
			compatibilityVersion = "Xcode 13.0";
			developmentRegion = en;
			hasScannedForEncodings = 0;
			knownRegions = (
				en,
				Base,
			);
			mainGroup = E435C01128CCAFFD00409BC8;
			productRefGroup = E435C01B28CCAFFD00409BC8 /* Products */;
			projectDirPath = "";
			projectRoot = "";
			targets = (
				E435C01928CCAFFD00409BC8 /* Capstone2 */,
				E435C02F28CCAFFE00409BC8 /* Capstone2Tests */,
				E435C03928CCAFFE00409BC8 /* Capstone2UITests */,
			);
		};
/* End PBXProject section */

/* Begin PBXResourcesBuildPhase section */
		E435C01828CCAFFD00409BC8 /* Resources */ = {
			isa = PBXResourcesBuildPhase;
			buildActionMask = 2147483647;
			files = (
				E435C02A28CCAFFE00409BC8 /* LaunchScreen.storyboard in Resources */,
				E435C02728CCAFFE00409BC8 /* Assets.xcassets in Resources */,
				E435C02528CCAFFD00409BC8 /* Main.storyboard in Resources */,
			);
			runOnlyForDeploymentPostprocessing = 0;
		};
		E435C02E28CCAFFE00409BC8 /* Resources */ = {
			isa = PBXResourcesBuildPhase;
			buildActionMask = 2147483647;
			files = (
			);
			runOnlyForDeploymentPostprocessing = 0;
		};
		E435C03828CCAFFE00409BC8 /* Resources */ = {
			isa = PBXResourcesBuildPhase;
			buildActionMask = 2147483647;
			files = (
			);
			runOnlyForDeploymentPostprocessing = 0;
		};
/* End PBXResourcesBuildPhase section */

/* Begin PBXShellScriptBuildPhase section */
		2D9D1138A0AEEB5BA70FFBE2 /* [CP] Check Pods Manifest.lock */ = {
			isa = PBXShellScriptBuildPhase;
			buildActionMask = 2147483647;
			files = (
			);
			inputFileListPaths = (
			);
			inputPaths = (
				"${PODS_PODFILE_DIR_PATH}/Podfile.lock",
				"${PODS_ROOT}/Manifest.lock",
			);
			name = "[CP] Check Pods Manifest.lock";
			outputFileListPaths = (
			);
			outputPaths = (
				"$(DERIVED_FILE_DIR)/Pods-Capstone2-Capstone2UITests-checkManifestLockResult.txt",
			);
			runOnlyForDeploymentPostprocessing = 0;
			shellPath = /bin/sh;
			shellScript = "diff \"${PODS_PODFILE_DIR_PATH}/Podfile.lock\" \"${PODS_ROOT}/Manifest.lock\" > /dev/null\nif [ $? != 0 ] ; then\n    # print error to STDERR\n    echo \"error: The sandbox is not in sync with the Podfile.lock. Run 'pod install' or update your CocoaPods installation.\" >&2\n    exit 1\nfi\n# This output is used by Xcode 'outputs' to avoid re-running this script phase.\necho \"SUCCESS\" > \"${SCRIPT_OUTPUT_FILE_0}\"\n";
			showEnvVarsInLog = 0;
		};
		77A6E65DC794944C9DBB7445 /* [CP] Check Pods Manifest.lock */ = {
			isa = PBXShellScriptBuildPhase;
			buildActionMask = 2147483647;
			files = (
			);
			inputFileListPaths = (
			);
			inputPaths = (
				"${PODS_PODFILE_DIR_PATH}/Podfile.lock",
				"${PODS_ROOT}/Manifest.lock",
			);
			name = "[CP] Check Pods Manifest.lock";
			outputFileListPaths = (
			);
			outputPaths = (
				"$(DERIVED_FILE_DIR)/Pods-Capstone2-checkManifestLockResult.txt",
			);
			runOnlyForDeploymentPostprocessing = 0;
			shellPath = /bin/sh;
			shellScript = "diff \"${PODS_PODFILE_DIR_PATH}/Podfile.lock\" \"${PODS_ROOT}/Manifest.lock\" > /dev/null\nif [ $? != 0 ] ; then\n    # print error to STDERR\n    echo \"error: The sandbox is not in sync with the Podfile.lock. Run 'pod install' or update your CocoaPods installation.\" >&2\n    exit 1\nfi\n# This output is used by Xcode 'outputs' to avoid re-running this script phase.\necho \"SUCCESS\" > \"${SCRIPT_OUTPUT_FILE_0}\"\n";
			showEnvVarsInLog = 0;
		};
		9838F4CBD032ED0274BFFC3A /* [CP] Check Pods Manifest.lock */ = {
			isa = PBXShellScriptBuildPhase;
			buildActionMask = 2147483647;
			files = (
			);
			inputFileListPaths = (
			);
			inputPaths = (
				"${PODS_PODFILE_DIR_PATH}/Podfile.lock",
				"${PODS_ROOT}/Manifest.lock",
			);
			name = "[CP] Check Pods Manifest.lock";
			outputFileListPaths = (
			);
			outputPaths = (
				"$(DERIVED_FILE_DIR)/Pods-Capstone2Tests-checkManifestLockResult.txt",
			);
			runOnlyForDeploymentPostprocessing = 0;
			shellPath = /bin/sh;
			shellScript = "diff \"${PODS_PODFILE_DIR_PATH}/Podfile.lock\" \"${PODS_ROOT}/Manifest.lock\" > /dev/null\nif [ $? != 0 ] ; then\n    # print error to STDERR\n    echo \"error: The sandbox is not in sync with the Podfile.lock. Run 'pod install' or update your CocoaPods installation.\" >&2\n    exit 1\nfi\n# This output is used by Xcode 'outputs' to avoid re-running this script phase.\necho \"SUCCESS\" > \"${SCRIPT_OUTPUT_FILE_0}\"\n";
			showEnvVarsInLog = 0;
		};
		D0A4BD6BEDACBE815C6A16F3 /* [CP] Copy Pods Resources */ = {
			isa = PBXShellScriptBuildPhase;
			buildActionMask = 2147483647;
			files = (
			);
			inputFileListPaths = (
				"${PODS_ROOT}/Target Support Files/Pods-Capstone2-Capstone2UITests/Pods-Capstone2-Capstone2UITests-resources-${CONFIGURATION}-input-files.xcfilelist",
			);
			name = "[CP] Copy Pods Resources";
			outputFileListPaths = (
				"${PODS_ROOT}/Target Support Files/Pods-Capstone2-Capstone2UITests/Pods-Capstone2-Capstone2UITests-resources-${CONFIGURATION}-output-files.xcfilelist",
			);
			runOnlyForDeploymentPostprocessing = 0;
			shellPath = /bin/sh;
			shellScript = "\"${PODS_ROOT}/Target Support Files/Pods-Capstone2-Capstone2UITests/Pods-Capstone2-Capstone2UITests-resources.sh\"\n";
			showEnvVarsInLog = 0;
		};
		F9EA9E01447B20ED1B6F7BEE /* [CP] Copy Pods Resources */ = {
			isa = PBXShellScriptBuildPhase;
			buildActionMask = 2147483647;
			files = (
			);
			inputFileListPaths = (
				"${PODS_ROOT}/Target Support Files/Pods-Capstone2Tests/Pods-Capstone2Tests-resources-${CONFIGURATION}-input-files.xcfilelist",
			);
			name = "[CP] Copy Pods Resources";
			outputFileListPaths = (
				"${PODS_ROOT}/Target Support Files/Pods-Capstone2Tests/Pods-Capstone2Tests-resources-${CONFIGURATION}-output-files.xcfilelist",
			);
			runOnlyForDeploymentPostprocessing = 0;
			shellPath = /bin/sh;
			shellScript = "\"${PODS_ROOT}/Target Support Files/Pods-Capstone2Tests/Pods-Capstone2Tests-resources.sh\"\n";
			showEnvVarsInLog = 0;
		};
/* End PBXShellScriptBuildPhase section */

/* Begin PBXSourcesBuildPhase section */
		E435C01628CCAFFD00409BC8 /* Sources */ = {
			isa = PBXSourcesBuildPhase;
			buildActionMask = 2147483647;
			files = (
				E435C02228CCAFFD00409BC8 /* ViewController.swift in Sources */,
				E435C01E28CCAFFD00409BC8 /* AppDelegate.swift in Sources */,
				E435C02028CCAFFD00409BC8 /* SceneDelegate.swift in Sources */,
			);
			runOnlyForDeploymentPostprocessing = 0;
		};
		E435C02C28CCAFFE00409BC8 /* Sources */ = {
			isa = PBXSourcesBuildPhase;
			buildActionMask = 2147483647;
			files = (
				E435C03528CCAFFE00409BC8 /* Capstone2Tests.swift in Sources */,
			);
			runOnlyForDeploymentPostprocessing = 0;
		};
		E435C03628CCAFFE00409BC8 /* Sources */ = {
			isa = PBXSourcesBuildPhase;
			buildActionMask = 2147483647;
			files = (
				E435C04128CCAFFE00409BC8 /* Capstone2UITestsLaunchTests.swift in Sources */,
				E435C03F28CCAFFE00409BC8 /* Capstone2UITests.swift in Sources */,
			);
			runOnlyForDeploymentPostprocessing = 0;
		};
/* End PBXSourcesBuildPhase section */

/* Begin PBXTargetDependency section */
		E435C03228CCAFFE00409BC8 /* PBXTargetDependency */ = {
			isa = PBXTargetDependency;
			target = E435C01928CCAFFD00409BC8 /* Capstone2 */;
			targetProxy = E435C03128CCAFFE00409BC8 /* PBXContainerItemProxy */;
		};
		E435C03C28CCAFFE00409BC8 /* PBXTargetDependency */ = {
			isa = PBXTargetDependency;
			target = E435C01928CCAFFD00409BC8 /* Capstone2 */;
			targetProxy = E435C03B28CCAFFE00409BC8 /* PBXContainerItemProxy */;
		};
/* End PBXTargetDependency section */

/* Begin PBXVariantGroup section */
		E435C02328CCAFFD00409BC8 /* Main.storyboard */ = {
			isa = PBXVariantGroup;
			children = (
				E435C02428CCAFFD00409BC8 /* Base */,
			);
			name = Main.storyboard;
			sourceTree = "<group>";
		};
		E435C02828CCAFFE00409BC8 /* LaunchScreen.storyboard */ = {
			isa = PBXVariantGroup;
			children = (
				E435C02928CCAFFE00409BC8 /* Base */,
			);
			name = LaunchScreen.storyboard;
			sourceTree = "<group>";
		};
/* End PBXVariantGroup section */

/* Begin XCBuildConfiguration section */
		E435C04228CCAFFE00409BC8 /* Debug */ = {
			isa = XCBuildConfiguration;
			buildSettings = {
				ALWAYS_SEARCH_USER_PATHS = NO;
				CLANG_ANALYZER_NONNULL = YES;
				CLANG_ANALYZER_NUMBER_OBJECT_CONVERSION = YES_AGGRESSIVE;
				CLANG_CXX_LANGUAGE_STANDARD = "gnu++17";
				CLANG_ENABLE_MODULES = YES;
				CLANG_ENABLE_OBJC_ARC = YES;
				CLANG_ENABLE_OBJC_WEAK = YES;
				CLANG_WARN_BLOCK_CAPTURE_AUTORELEASING = YES;
				CLANG_WARN_BOOL_CONVERSION = YES;
				CLANG_WARN_COMMA = YES;
				CLANG_WARN_CONSTANT_CONVERSION = YES;
				CLANG_WARN_DEPRECATED_OBJC_IMPLEMENTATIONS = YES;
				CLANG_WARN_DIRECT_OBJC_ISA_USAGE = YES_ERROR;
				CLANG_WARN_DOCUMENTATION_COMMENTS = YES;
				CLANG_WARN_EMPTY_BODY = YES;
				CLANG_WARN_ENUM_CONVERSION = YES;
				CLANG_WARN_INFINITE_RECURSION = YES;
				CLANG_WARN_INT_CONVERSION = YES;
				CLANG_WARN_NON_LITERAL_NULL_CONVERSION = YES;
				CLANG_WARN_OBJC_IMPLICIT_RETAIN_SELF = YES;
				CLANG_WARN_OBJC_LITERAL_CONVERSION = YES;
				CLANG_WARN_OBJC_ROOT_CLASS = YES_ERROR;
				CLANG_WARN_QUOTED_INCLUDE_IN_FRAMEWORK_HEADER = YES;
				CLANG_WARN_RANGE_LOOP_ANALYSIS = YES;
				CLANG_WARN_STRICT_PROTOTYPES = YES;
				CLANG_WARN_SUSPICIOUS_MOVE = YES;
				CLANG_WARN_UNGUARDED_AVAILABILITY = YES_AGGRESSIVE;
				CLANG_WARN_UNREACHABLE_CODE = YES;
				CLANG_WARN__DUPLICATE_METHOD_MATCH = YES;
				COPY_PHASE_STRIP = NO;
				DEBUG_INFORMATION_FORMAT = dwarf;
				ENABLE_STRICT_OBJC_MSGSEND = YES;
				ENABLE_TESTABILITY = YES;
				GCC_C_LANGUAGE_STANDARD = gnu11;
				GCC_DYNAMIC_NO_PIC = NO;
				GCC_NO_COMMON_BLOCKS = YES;
				GCC_OPTIMIZATION_LEVEL = 0;
				GCC_PREPROCESSOR_DEFINITIONS = (
					"DEBUG=1",
					"$(inherited)",
				);
				GCC_WARN_64_TO_32_BIT_CONVERSION = YES;
				GCC_WARN_ABOUT_RETURN_TYPE = YES_ERROR;
				GCC_WARN_UNDECLARED_SELECTOR = YES;
				GCC_WARN_UNINITIALIZED_AUTOS = YES_AGGRESSIVE;
				GCC_WARN_UNUSED_FUNCTION = YES;
				GCC_WARN_UNUSED_VARIABLE = YES;
				IPHONEOS_DEPLOYMENT_TARGET = 15.5;
				MTL_ENABLE_DEBUG_INFO = INCLUDE_SOURCE;
				MTL_FAST_MATH = YES;
				ONLY_ACTIVE_ARCH = YES;
				SDKROOT = iphoneos;
				SWIFT_ACTIVE_COMPILATION_CONDITIONS = DEBUG;
				SWIFT_OPTIMIZATION_LEVEL = "-Onone";
			};
			name = Debug;
		};
		E435C04328CCAFFE00409BC8 /* Release */ = {
			isa = XCBuildConfiguration;
			buildSettings = {
				ALWAYS_SEARCH_USER_PATHS = NO;
				CLANG_ANALYZER_NONNULL = YES;
				CLANG_ANALYZER_NUMBER_OBJECT_CONVERSION = YES_AGGRESSIVE;
				CLANG_CXX_LANGUAGE_STANDARD = "gnu++17";
				CLANG_ENABLE_MODULES = YES;
				CLANG_ENABLE_OBJC_ARC = YES;
				CLANG_ENABLE_OBJC_WEAK = YES;
				CLANG_WARN_BLOCK_CAPTURE_AUTORELEASING = YES;
				CLANG_WARN_BOOL_CONVERSION = YES;
				CLANG_WARN_COMMA = YES;
				CLANG_WARN_CONSTANT_CONVERSION = YES;
				CLANG_WARN_DEPRECATED_OBJC_IMPLEMENTATIONS = YES;
				CLANG_WARN_DIRECT_OBJC_ISA_USAGE = YES_ERROR;
				CLANG_WARN_DOCUMENTATION_COMMENTS = YES;
				CLANG_WARN_EMPTY_BODY = YES;
				CLANG_WARN_ENUM_CONVERSION = YES;
				CLANG_WARN_INFINITE_RECURSION = YES;
				CLANG_WARN_INT_CONVERSION = YES;
				CLANG_WARN_NON_LITERAL_NULL_CONVERSION = YES;
				CLANG_WARN_OBJC_IMPLICIT_RETAIN_SELF = YES;
				CLANG_WARN_OBJC_LITERAL_CONVERSION = YES;
				CLANG_WARN_OBJC_ROOT_CLASS = YES_ERROR;
				CLANG_WARN_QUOTED_INCLUDE_IN_FRAMEWORK_HEADER = YES;
				CLANG_WARN_RANGE_LOOP_ANALYSIS = YES;
				CLANG_WARN_STRICT_PROTOTYPES = YES;
				CLANG_WARN_SUSPICIOUS_MOVE = YES;
				CLANG_WARN_UNGUARDED_AVAILABILITY = YES_AGGRESSIVE;
				CLANG_WARN_UNREACHABLE_CODE = YES;
				CLANG_WARN__DUPLICATE_METHOD_MATCH = YES;
				COPY_PHASE_STRIP = NO;
				DEBUG_INFORMATION_FORMAT = "dwarf-with-dsym";
				ENABLE_NS_ASSERTIONS = NO;
				ENABLE_STRICT_OBJC_MSGSEND = YES;
				GCC_C_LANGUAGE_STANDARD = gnu11;
				GCC_NO_COMMON_BLOCKS = YES;
				GCC_WARN_64_TO_32_BIT_CONVERSION = YES;
				GCC_WARN_ABOUT_RETURN_TYPE = YES_ERROR;
				GCC_WARN_UNDECLARED_SELECTOR = YES;
				GCC_WARN_UNINITIALIZED_AUTOS = YES_AGGRESSIVE;
				GCC_WARN_UNUSED_FUNCTION = YES;
				GCC_WARN_UNUSED_VARIABLE = YES;
				IPHONEOS_DEPLOYMENT_TARGET = 15.5;
				MTL_ENABLE_DEBUG_INFO = NO;
				MTL_FAST_MATH = YES;
				SDKROOT = iphoneos;
				SWIFT_COMPILATION_MODE = wholemodule;
				SWIFT_OPTIMIZATION_LEVEL = "-O";
				VALIDATE_PRODUCT = YES;
			};
			name = Release;
		};
		E435C04528CCAFFE00409BC8 /* Debug */ = {
			isa = XCBuildConfiguration;
			baseConfigurationReference = AF977C088170991E17FBB366 /* Pods-Capstone2.debug.xcconfig */;
			buildSettings = {
				ASSETCATALOG_COMPILER_APPICON_NAME = AppIcon;
				ASSETCATALOG_COMPILER_GLOBAL_ACCENT_COLOR_NAME = AccentColor;
				CODE_SIGN_STYLE = Automatic;
				CURRENT_PROJECT_VERSION = 1;
				GENERATE_INFOPLIST_FILE = YES;
				INFOPLIST_FILE = Capstone2/Info.plist;
				INFOPLIST_KEY_UIApplicationSupportsIndirectInputEvents = YES;
				INFOPLIST_KEY_UILaunchStoryboardName = LaunchScreen;
				INFOPLIST_KEY_UIMainStoryboardFile = Main;
				INFOPLIST_KEY_UISupportedInterfaceOrientations_iPad = "UIInterfaceOrientationPortrait UIInterfaceOrientationPortraitUpsideDown UIInterfaceOrientationLandscapeLeft UIInterfaceOrientationLandscapeRight";
				INFOPLIST_KEY_UISupportedInterfaceOrientations_iPhone = "UIInterfaceOrientationPortrait UIInterfaceOrientationLandscapeLeft UIInterfaceOrientationLandscapeRight";
				LD_RUNPATH_SEARCH_PATHS = (
					"$(inherited)",
					"@executable_path/Frameworks",
				);
				MARKETING_VERSION = 1.0;
				PRODUCT_BUNDLE_IDENTIFIER = Reof.Capstone2;
				PRODUCT_NAME = "$(TARGET_NAME)";
				SWIFT_EMIT_LOC_STRINGS = YES;
				SWIFT_VERSION = 5.0;
				TARGETED_DEVICE_FAMILY = "1,2";
			};
			name = Debug;
		};
		E435C04628CCAFFE00409BC8 /* Release */ = {
			isa = XCBuildConfiguration;
			baseConfigurationReference = 993D95003B2DEA72A95DF33C /* Pods-Capstone2.release.xcconfig */;
			buildSettings = {
				ASSETCATALOG_COMPILER_APPICON_NAME = AppIcon;
				ASSETCATALOG_COMPILER_GLOBAL_ACCENT_COLOR_NAME = AccentColor;
				CODE_SIGN_STYLE = Automatic;
				CURRENT_PROJECT_VERSION = 1;
				GENERATE_INFOPLIST_FILE = YES;
				INFOPLIST_FILE = Capstone2/Info.plist;
				INFOPLIST_KEY_UIApplicationSupportsIndirectInputEvents = YES;
				INFOPLIST_KEY_UILaunchStoryboardName = LaunchScreen;
				INFOPLIST_KEY_UIMainStoryboardFile = Main;
				INFOPLIST_KEY_UISupportedInterfaceOrientations_iPad = "UIInterfaceOrientationPortrait UIInterfaceOrientationPortraitUpsideDown UIInterfaceOrientationLandscapeLeft UIInterfaceOrientationLandscapeRight";
				INFOPLIST_KEY_UISupportedInterfaceOrientations_iPhone = "UIInterfaceOrientationPortrait UIInterfaceOrientationLandscapeLeft UIInterfaceOrientationLandscapeRight";
				LD_RUNPATH_SEARCH_PATHS = (
					"$(inherited)",
					"@executable_path/Frameworks",
				);
				MARKETING_VERSION = 1.0;
				PRODUCT_BUNDLE_IDENTIFIER = Reof.Capstone2;
				PRODUCT_NAME = "$(TARGET_NAME)";
				SWIFT_EMIT_LOC_STRINGS = YES;
				SWIFT_VERSION = 5.0;
				TARGETED_DEVICE_FAMILY = "1,2";
			};
			name = Release;
		};
		E435C04828CCAFFE00409BC8 /* Debug */ = {
			isa = XCBuildConfiguration;
			baseConfigurationReference = 5BF0C50228CC8E56C90ACAD5 /* Pods-Capstone2Tests.debug.xcconfig */;
			buildSettings = {
				ALWAYS_EMBED_SWIFT_STANDARD_LIBRARIES = YES;
				BUNDLE_LOADER = "$(TEST_HOST)";
				CODE_SIGN_STYLE = Automatic;
				CURRENT_PROJECT_VERSION = 1;
				GENERATE_INFOPLIST_FILE = YES;
				IPHONEOS_DEPLOYMENT_TARGET = 15.5;
				MARKETING_VERSION = 1.0;
				PRODUCT_BUNDLE_IDENTIFIER = Reof.Capstone2Tests;
				PRODUCT_NAME = "$(TARGET_NAME)";
				SWIFT_EMIT_LOC_STRINGS = NO;
				SWIFT_VERSION = 5.0;
				TARGETED_DEVICE_FAMILY = "1,2";
				TEST_HOST = "$(BUILT_PRODUCTS_DIR)/Capstone2.app/Capstone2";
			};
			name = Debug;
		};
		E435C04928CCAFFE00409BC8 /* Release */ = {
			isa = XCBuildConfiguration;
			baseConfigurationReference = 8D719FAA8A08CEDDDD6E5A8D /* Pods-Capstone2Tests.release.xcconfig */;
			buildSettings = {
				ALWAYS_EMBED_SWIFT_STANDARD_LIBRARIES = YES;
				BUNDLE_LOADER = "$(TEST_HOST)";
				CODE_SIGN_STYLE = Automatic;
				CURRENT_PROJECT_VERSION = 1;
				GENERATE_INFOPLIST_FILE = YES;
				IPHONEOS_DEPLOYMENT_TARGET = 15.5;
				MARKETING_VERSION = 1.0;
				PRODUCT_BUNDLE_IDENTIFIER = Reof.Capstone2Tests;
				PRODUCT_NAME = "$(TARGET_NAME)";
				SWIFT_EMIT_LOC_STRINGS = NO;
				SWIFT_VERSION = 5.0;
				TARGETED_DEVICE_FAMILY = "1,2";
				TEST_HOST = "$(BUILT_PRODUCTS_DIR)/Capstone2.app/Capstone2";
			};
			name = Release;
		};
		E435C04B28CCAFFE00409BC8 /* Debug */ = {
			isa = XCBuildConfiguration;
			baseConfigurationReference = 4A363E96EF01D506828C1C40 /* Pods-Capstone2-Capstone2UITests.debug.xcconfig */;
			buildSettings = {
				ALWAYS_EMBED_SWIFT_STANDARD_LIBRARIES = YES;
				CODE_SIGN_STYLE = Automatic;
				CURRENT_PROJECT_VERSION = 1;
				GENERATE_INFOPLIST_FILE = YES;
				MARKETING_VERSION = 1.0;
				PRODUCT_BUNDLE_IDENTIFIER = Reof.Capstone2UITests;
				PRODUCT_NAME = "$(TARGET_NAME)";
				SWIFT_EMIT_LOC_STRINGS = NO;
				SWIFT_VERSION = 5.0;
				TARGETED_DEVICE_FAMILY = "1,2";
				TEST_TARGET_NAME = Capstone2;
			};
			name = Debug;
		};
		E435C04C28CCAFFE00409BC8 /* Release */ = {
			isa = XCBuildConfiguration;
			baseConfigurationReference = E1BC5EB837B241177F1105CC /* Pods-Capstone2-Capstone2UITests.release.xcconfig */;
			buildSettings = {
				ALWAYS_EMBED_SWIFT_STANDARD_LIBRARIES = YES;
				CODE_SIGN_STYLE = Automatic;
				CURRENT_PROJECT_VERSION = 1;
				GENERATE_INFOPLIST_FILE = YES;
				MARKETING_VERSION = 1.0;
				PRODUCT_BUNDLE_IDENTIFIER = Reof.Capstone2UITests;
				PRODUCT_NAME = "$(TARGET_NAME)";
				SWIFT_EMIT_LOC_STRINGS = NO;
				SWIFT_VERSION = 5.0;
				TARGETED_DEVICE_FAMILY = "1,2";
				TEST_TARGET_NAME = Capstone2;
			};
			name = Release;
		};
/* End XCBuildConfiguration section */

/* Begin XCConfigurationList section */
		E435C01528CCAFFD00409BC8 /* Build configuration list for PBXProject "Capstone2" */ = {
			isa = XCConfigurationList;
			buildConfigurations = (
				E435C04228CCAFFE00409BC8 /* Debug */,
				E435C04328CCAFFE00409BC8 /* Release */,
			);
			defaultConfigurationIsVisible = 0;
			defaultConfigurationName = Release;
		};
		E435C04428CCAFFE00409BC8 /* Build configuration list for PBXNativeTarget "Capstone2" */ = {
			isa = XCConfigurationList;
			buildConfigurations = (
				E435C04528CCAFFE00409BC8 /* Debug */,
				E435C04628CCAFFE00409BC8 /* Release */,
			);
			defaultConfigurationIsVisible = 0;
			defaultConfigurationName = Release;
		};
		E435C04728CCAFFE00409BC8 /* Build configuration list for PBXNativeTarget "Capstone2Tests" */ = {
			isa = XCConfigurationList;
			buildConfigurations = (
				E435C04828CCAFFE00409BC8 /* Debug */,
				E435C04928CCAFFE00409BC8 /* Release */,
			);
			defaultConfigurationIsVisible = 0;
			defaultConfigurationName = Release;
		};
		E435C04A28CCAFFE00409BC8 /* Build configuration list for PBXNativeTarget "Capstone2UITests" */ = {
			isa = XCConfigurationList;
			buildConfigurations = (
				E435C04B28CCAFFE00409BC8 /* Debug */,
				E435C04C28CCAFFE00409BC8 /* Release */,
			);
			defaultConfigurationIsVisible = 0;
			defaultConfigurationName = Release;
		};
/* End XCConfigurationList section */
	};
	rootObject = E435C01228CCAFFD00409BC8 /* Project object */;
}
